
Microsoft Visual Studio Solution File, Format Version 12.00
# Visual Studio 15
VisualStudioVersion = 15.0.28307.106
MinimumVisualStudioVersion = 10.0.40219.1
Project("{2150E333-8FDC-42A3-9474-1A3956D46DE8}") = "Headers", "Headers", "{8BDFBF24-2810-407D-8E90-5CAC6194E5BF}"
	ProjectSection(SolutionItems) = preProject
		Headers\Constant.h = Headers\Constant.h
		Headers\Define.h = Headers\Define.h
		Headers\Enum.h = Headers\Enum.h
		Headers\Function.h = Headers\Function.h
		Headers\Include.h = Headers\Include.h
		Headers\Macro.h = Headers\Macro.h
		Headers\Struct.h = Headers\Struct.h
	EndProjectSection
EndProject
Project("{8BC9CEB8-8B4A-11D0-8D11-00A0C91BC942}") = "Tool73", "Tool73\Tool73.vcxproj", "{CBB5EDFA-1E18-4880-B245-F59DA53B934F}"
EndProject
Project("{8BC9CEB8-8B4A-11D0-8D11-00A0C91BC942}") = "FrameWork73", "FrameWork73\FrameWork73.vcxproj", "{A104660E-28F9-4111-8323-6B382A337B7E}"
EndProject
Global
	GlobalSection(SolutionConfigurationPlatforms) = preSolution
		Debug|Win32 = Debug|Win32
		Release|Win32 = Release|Win32
	EndGlobalSection
	GlobalSection(ProjectConfigurationPlatforms) = postSolution
		{CBB5EDFA-1E18-4880-B245-F59DA53B934F}.Debug|Win32.ActiveCfg = Debug|Win32
		{CBB5EDFA-1E18-4880-B245-F59DA53B934F}.Debug|Win32.Build.0 = Debug|Win32
		{CBB5EDFA-1E18-4880-B245-F59DA53B934F}.Release|Win32.ActiveCfg = Release|Win32
		{CBB5EDFA-1E18-4880-B245-F59DA53B934F}.Release|Win32.Build.0 = Release|Win32
		{A104660E-28F9-4111-8323-6B382A337B7E}.Debug|Win32.ActiveCfg = Debug|Win32
		{A104660E-28F9-4111-8323-6B382A337B7E}.Debug|Win32.Build.0 = Debug|Win32
		{A104660E-28F9-4111-8323-6B382A337B7E}.Release|Win32.ActiveCfg = Release|Win32
		{A104660E-28F9-4111-8323-6B382A337B7E}.Release|Win32.Build.0 = Release|Win32
	EndGlobalSection
	GlobalSection(SolutionProperties) = preSolution
		HideSolutionNode = FALSE
	EndGlobalSection
	GlobalSection(ExtensibilityGlobals) = postSolution
		SolutionGuid = {DEF92F84-0204-4955-854D-E6AE5E4E10CA}
	EndGlobalSection
EndGlobal
